{
    "version": 3,
    "terraform_version": "0.11.11",
    "serial": 14,
    "lineage": "ea8d3207-a070-eb4b-57a0-c88126d32b29",
    "modules": [
        {
            "path": [
                "root"
            ],
            "outputs": {
                "ELB_public_domain": {
                    "sensitive": false,
                    "type": "string",
                    "value": "nexus-docker-rce-lb-1197348732.us-east-2.elb.amazonaws.com"
                },
                "Nexus_Vulnerable_URL": {
                    "sensitive": false,
                    "type": "string",
                    "value": "nexus1.bryceindustries.net"
                },
                "victim_host_security_group_id": {
                    "sensitive": false,
                    "type": "string",
                    "value": "sg-03af441c6b8abb36e"
                },
                "victim_private_ip": {
                    "sensitive": false,
                    "type": "string",
                    "value": "10.132.0.226"
                },
                "victim_public_ip": {
                    "sensitive": false,
                    "type": "string",
                    "value": "13.59.182.93"
                },
                "victim_ssh_key_name": {
                    "sensitive": false,
                    "type": "string",
                    "value": "nexus_ssh"
                },
                "vpc_id": {
                    "sensitive": false,
                    "type": "string",
                    "value": "vpc-0866a14724dfbe5b6"
                }
            },
            "resources": {
                "aws_eip.one": {
                    "type": "aws_eip",
                    "depends_on": [
                        "aws_instance.nexus_host"
                    ],
                    "primary": {
                        "id": "eipalloc-0853c051e9500e9c7",
                        "attributes": {
                            "association_id": "eipassoc-03932bb76a2a92e07",
                            "domain": "vpc",
                            "id": "eipalloc-0853c051e9500e9c7",
                            "instance": "i-0fba4a5ca06a1385b",
                            "network_interface": "eni-023d24994690eddf1",
                            "private_ip": "10.132.0.226",
                            "public_ip": "13.59.182.93",
                            "public_ipv4_pool": "amazon",
                            "tags.%": "0",
                            "vpc": "true"
                        },
                        "meta": {
                            "e2bfb730-ecaa-11e6-8f88-34363bc7c4c0": {
                                "delete": 180000000000,
                                "read": 900000000000,
                                "update": 300000000000
                            }
                        },
                        "tainted": false
                    },
                    "deposed": [],
                    "provider": "provider.aws"
                },
                "aws_elb.nexus-pt-elb": {
                    "type": "aws_elb",
                    "depends_on": [
                        "aws_instance.nexus_host",
                        "aws_security_group.lb_sg",
                        "module.mgmt_subnets"
                    ],
                    "primary": {
                        "id": "nexus-docker-rce-lb",
                        "attributes": {
                            "access_logs.#": "0",
                            "arn": "arn:aws:elasticloadbalancing:us-east-2:650143975734:loadbalancer/nexus-docker-rce-lb",
                            "availability_zones.#": "3",
                            "availability_zones.1726430690": "us-east-2b",
                            "availability_zones.299896180": "us-east-2c",
                            "availability_zones.4293815384": "us-east-2a",
                            "connection_draining": "true",
                            "connection_draining_timeout": "300",
                            "cross_zone_load_balancing": "true",
                            "dns_name": "nexus-docker-rce-lb-1197348732.us-east-2.elb.amazonaws.com",
                            "health_check.#": "1",
                            "health_check.0.healthy_threshold": "2",
                            "health_check.0.interval": "30",
                            "health_check.0.target": "HTTP:8081/",
                            "health_check.0.timeout": "12",
                            "health_check.0.unhealthy_threshold": "2",
                            "id": "nexus-docker-rce-lb",
                            "idle_timeout": "400",
                            "instances.#": "1",
                            "instances.3982273009": "i-0fba4a5ca06a1385b",
                            "internal": "false",
                            "listener.#": "2",
                            "listener.1063089919.instance_port": "8081",
                            "listener.1063089919.instance_protocol": "http",
                            "listener.1063089919.lb_port": "443",
                            "listener.1063089919.lb_protocol": "https",
                            "listener.1063089919.ssl_certificate_id": "arn:aws:acm:us-east-2:650143975734:certificate/aad88393-447c-465b-9347-3c974f0a4342",
                            "listener.1535462776.instance_port": "8123",
                            "listener.1535462776.instance_protocol": "http",
                            "listener.1535462776.lb_port": "8123",
                            "listener.1535462776.lb_protocol": "https",
                            "listener.1535462776.ssl_certificate_id": "arn:aws:acm:us-east-2:650143975734:certificate/aad88393-447c-465b-9347-3c974f0a4342",
                            "name": "nexus-docker-rce-lb",
                            "security_groups.#": "1",
                            "security_groups.3575030213": "sg-01502f9dd5d3be886",
                            "source_security_group": "650143975734/nexus-docker-pt-elb_sg",
                            "source_security_group_id": "sg-01502f9dd5d3be886",
                            "subnets.#": "3",
                            "subnets.225532779": "subnet-0461dcdb196b191ed",
                            "subnets.2358896941": "subnet-07365ddd7a008358f",
                            "subnets.3750324304": "subnet-0dd6e16c2d6add2ce",
                            "tags.%": "1",
                            "tags.Name": "nexus-pt-loadbalancer",
                            "zone_id": "Z3AADJGX6KTTL2"
                        },
                        "meta": {},
                        "tainted": false
                    },
                    "deposed": [],
                    "provider": "provider.aws"
                },
                "aws_iam_instance_profile.ec2_profile": {
                    "type": "aws_iam_instance_profile",
                    "depends_on": [
                        "aws_iam_role.ec2_role"
                    ],
                    "primary": {
                        "id": "EC2-profile-nexus",
                        "attributes": {
                            "arn": "arn:aws:iam::650143975734:instance-profile/EC2-profile-nexus",
                            "create_date": "2019-03-09T14:36:34Z",
                            "id": "EC2-profile-nexus",
                            "name": "EC2-profile-nexus",
                            "path": "/",
                            "role": "nexus-ec2-role-ssm-s31",
                            "roles.#": "1",
                            "roles.1318115063": "nexus-ec2-role-ssm-s31",
                            "unique_id": "AIPAIMVQUK3WYRJOQ6LFY"
                        },
                        "meta": {},
                        "tainted": false
                    },
                    "deposed": [],
                    "provider": "provider.aws"
                },
                "aws_iam_role.ec2_role": {
                    "type": "aws_iam_role",
                    "depends_on": [],
                    "primary": {
                        "id": "nexus-ec2-role-ssm-s31",
                        "attributes": {
                            "arn": "arn:aws:iam::650143975734:role/nexus-ec2-role-ssm-s31",
                            "assume_role_policy": "{\"Version\":\"2012-10-17\",\"Statement\":[{\"Sid\":\"\",\"Effect\":\"Allow\",\"Principal\":{\"Service\":\"ec2.amazonaws.com\"},\"Action\":\"sts:AssumeRole\"}]}",
                            "create_date": "2019-03-09T14:36:32Z",
                            "description": "",
                            "force_detach_policies": "true",
                            "id": "nexus-ec2-role-ssm-s31",
                            "max_session_duration": "3600",
                            "name": "nexus-ec2-role-ssm-s31",
                            "path": "/",
                            "tags.%": "0",
                            "unique_id": "AROAI6UUOVTXB2W4D7SYS"
                        },
                        "meta": {},
                        "tainted": false
                    },
                    "deposed": [],
                    "provider": "provider.aws"
                },
                "aws_iam_role_policy.ec2_role": {
                    "type": "aws_iam_role_policy",
                    "depends_on": [
                        "aws_iam_role.ec2_role",
                        "aws_instance.nexus_host"
                    ],
                    "primary": {
                        "id": "nexus-ec2-role-ssm-s31:nexus_ssh",
                        "attributes": {
                            "id": "nexus-ec2-role-ssm-s31:nexus_ssh",
                            "name": "nexus_ssh",
                            "policy": "{\n  \"Version\": \"2012-10-17\",\n  \"Statement\": [\n    {\n      \"Action\": [\n        \"iam:ListSSHPublicKeys\",\n        \"iam:GetSSHPublicKey\",\n        \"s3:*\"\n      ],\n      \"Effect\": \"Allow\",\n      \"Resource\": \"*\"\n    }\n  ]\n}\n",
                            "role": "nexus-ec2-role-ssm-s31"
                        },
                        "meta": {},
                        "tainted": false
                    },
                    "deposed": [],
                    "provider": "provider.aws"
                },
                "aws_iam_role_policy_attachment.ec2_ssm_attach": {
                    "type": "aws_iam_role_policy_attachment",
                    "depends_on": [
                        "aws_iam_role.ec2_role"
                    ],
                    "primary": {
                        "id": "nexus-ec2-role-ssm-s31-20190309143634353200000001",
                        "attributes": {
                            "id": "nexus-ec2-role-ssm-s31-20190309143634353200000001",
                            "policy_arn": "arn:aws:iam::aws:policy/service-role/AmazonEC2RoleforSSM",
                            "role": "nexus-ec2-role-ssm-s31"
                        },
                        "meta": {},
                        "tainted": false
                    },
                    "deposed": [],
                    "provider": "provider.aws"
                },
                "aws_instance.nexus_host": {
                    "type": "aws_instance",
                    "depends_on": [
                        "aws_iam_instance_profile.ec2_profile",
                        "aws_key_pair.nexus_ssh",
                        "aws_security_group.nexus_host_sg",
                        "data.template_file.user_data",
                        "local.default_tags",
                        "module.mgmt_subnets"
                    ],
                    "primary": {
                        "id": "i-0fba4a5ca06a1385b",
                        "attributes": {
                            "ami": "ami-0e3abdb084ec93144",
                            "arn": "arn:aws:ec2:us-east-2:650143975734:instance/i-0fba4a5ca06a1385b",
                            "associate_public_ip_address": "true",
                            "availability_zone": "us-east-2a",
                            "cpu_core_count": "2",
                            "cpu_threads_per_core": "1",
                            "credit_specification.#": "1",
                            "credit_specification.0.cpu_credits": "standard",
                            "disable_api_termination": "false",
                            "ebs_block_device.#": "0",
                            "ebs_optimized": "false",
                            "ephemeral_block_device.#": "0",
                            "get_password_data": "false",
                            "iam_instance_profile": "EC2-profile-nexus",
                            "id": "i-0fba4a5ca06a1385b",
                            "instance_state": "running",
                            "instance_type": "t2.medium",
                            "ipv6_addresses.#": "0",
                            "key_name": "nexus_ssh",
                            "monitoring": "false",
                            "network_interface.#": "0",
                            "password_data": "",
                            "placement_group": "",
                            "primary_network_interface_id": "eni-023d24994690eddf1",
                            "private_dns": "ip-10-132-0-226.us-east-2.compute.internal",
                            "private_ip": "10.132.0.226",
                            "public_dns": "ec2-13-59-182-93.us-east-2.compute.amazonaws.com",
                            "public_ip": "13.59.182.93",
                            "root_block_device.#": "1",
                            "root_block_device.0.delete_on_termination": "true",
                            "root_block_device.0.iops": "150",
                            "root_block_device.0.volume_id": "vol-08dea83be479ea515",
                            "root_block_device.0.volume_size": "50",
                            "root_block_device.0.volume_type": "gp2",
                            "security_groups.#": "0",
                            "source_dest_check": "true",
                            "subnet_id": "subnet-0dd6e16c2d6add2ce",
                            "tags.%": "4",
                            "tags.Environment": "TrendMicro-Tejas--Default",
                            "tags.InstallDSA": "Yes",
                            "tags.Name": "Nexus-PT-Tejas",
                            "tags.Terraform": "True",
                            "tenancy": "default",
                            "user_data": "bb9c9b549ba38970083ab66b3de03e050be862f9",
                            "volume_tags.%": "0",
                            "vpc_security_group_ids.#": "1",
                            "vpc_security_group_ids.4197918502": "sg-03af441c6b8abb36e"
                        },
                        "meta": {
                            "e2bfb730-ecaa-11e6-8f88-34363bc7c4c0": {
                                "create": 600000000000,
                                "delete": 1200000000000,
                                "update": 600000000000
                            },
                            "schema_version": "1"
                        },
                        "tainted": true
                    },
                    "deposed": [],
                    "provider": "provider.aws"
                },
                "aws_key_pair.nexus_ssh": {
                    "type": "aws_key_pair",
                    "depends_on": [],
                    "primary": {
                        "id": "nexus_ssh",
                        "attributes": {
                            "fingerprint": "38:fe:8e:14:a1:d1:1b:df:eb:a8:c0:17:91:8f:2c:5b",
                            "id": "nexus_ssh",
                            "key_name": "nexus_ssh",
                            "public_key": "ssh-rsa AAAAB3NzaC1yc2EAAAADAQABAAABAQCoUEwCJsZca7KaLo4GNodjXN6NBKbQ0pSSTEjXsnxW9EgiMVCZr+tmDbGJn/7RMDk5ONZcMsH+dfw4VcDjj8d4MuQxg875NAxrjH5UP3Zg/42vOYPMet4r72VBfmD70AKi6rZBtxH++odEE5iZcy7pnVe8ScJ+nc9UiIZdZXS+FX1qOf1VTMOQorRnb0Qer+zF+puckbjbVW4aM9rMnfsSA8uoFL/ID718gjNkUHIkMLfF86Wl0gkAHT4TgW9tyfjyEDS/dfrHhrhBk4OTBfBVjf375/yYJovojx+bAmtT35YqN8Ba8SPS/MmDXPF28qjVGLyUwQmTaiTiV7BU6OfT imported-openssh-key"
                        },
                        "meta": {
                            "schema_version": "1"
                        },
                        "tainted": false
                    },
                    "deposed": [],
                    "provider": "provider.aws"
                },
                "aws_route53_record.nexus_record": {
                    "type": "aws_route53_record",
                    "depends_on": [
                        "aws_elb.nexus-pt-elb"
                    ],
                    "primary": {
                        "id": "Z3BG9KM5T3LSEW_nexus1.bryceindustries.net_A",
                        "attributes": {
                            "alias.#": "1",
                            "alias.1093529460.evaluate_target_health": "false",
                            "alias.1093529460.name": "nexus-docker-rce-lb-1197348732.us-east-2.elb.amazonaws.com",
                            "alias.1093529460.zone_id": "Z3AADJGX6KTTL2",
                            "fqdn": "nexus1.bryceindustries.net",
                            "health_check_id": "",
                            "id": "Z3BG9KM5T3LSEW_nexus1.bryceindustries.net_A",
                            "name": "nexus1.bryceindustries.net",
                            "records.#": "0",
                            "set_identifier": "",
                            "ttl": "0",
                            "type": "A",
                            "zone_id": "Z3BG9KM5T3LSEW"
                        },
                        "meta": {
                            "schema_version": "2"
                        },
                        "tainted": false
                    },
                    "deposed": [],
                    "provider": "provider.aws"
                },
                "aws_security_group.lb_sg": {
                    "type": "aws_security_group",
                    "depends_on": [
                        "local.default_tags",
                        "module.vpc"
                    ],
                    "primary": {
                        "id": "sg-01502f9dd5d3be886",
                        "attributes": {
                            "arn": "arn:aws:ec2:us-east-2:650143975734:security-group/sg-01502f9dd5d3be886",
                            "description": "Allow connection for host",
                            "egress.#": "1",
                            "egress.482069346.cidr_blocks.#": "1",
                            "egress.482069346.cidr_blocks.0": "0.0.0.0/0",
                            "egress.482069346.description": "",
                            "egress.482069346.from_port": "0",
                            "egress.482069346.ipv6_cidr_blocks.#": "0",
                            "egress.482069346.prefix_list_ids.#": "0",
                            "egress.482069346.protocol": "-1",
                            "egress.482069346.security_groups.#": "0",
                            "egress.482069346.self": "false",
                            "egress.482069346.to_port": "0",
                            "id": "sg-01502f9dd5d3be886",
                            "ingress.#": "2",
                            "ingress.2514586566.cidr_blocks.#": "1",
                            "ingress.2514586566.cidr_blocks.0": "0.0.0.0/0",
                            "ingress.2514586566.description": "",
                            "ingress.2514586566.from_port": "8123",
                            "ingress.2514586566.ipv6_cidr_blocks.#": "0",
                            "ingress.2514586566.prefix_list_ids.#": "0",
                            "ingress.2514586566.protocol": "tcp",
                            "ingress.2514586566.security_groups.#": "0",
                            "ingress.2514586566.self": "false",
                            "ingress.2514586566.to_port": "8123",
                            "ingress.2617001939.cidr_blocks.#": "1",
                            "ingress.2617001939.cidr_blocks.0": "0.0.0.0/0",
                            "ingress.2617001939.description": "",
                            "ingress.2617001939.from_port": "443",
                            "ingress.2617001939.ipv6_cidr_blocks.#": "0",
                            "ingress.2617001939.prefix_list_ids.#": "0",
                            "ingress.2617001939.protocol": "tcp",
                            "ingress.2617001939.security_groups.#": "0",
                            "ingress.2617001939.self": "false",
                            "ingress.2617001939.to_port": "443",
                            "name": "nexus-docker-pt-elb_sg",
                            "owner_id": "650143975734",
                            "revoke_rules_on_delete": "false",
                            "tags.%": "3",
                            "tags.Environment": "TrendMicro-Tejas--Default",
                            "tags.Name": "nexus_LB_tejas",
                            "tags.Terraform": "True",
                            "vpc_id": "vpc-0866a14724dfbe5b6"
                        },
                        "meta": {
                            "e2bfb730-ecaa-11e6-8f88-34363bc7c4c0": {
                                "create": 600000000000,
                                "delete": 600000000000
                            },
                            "schema_version": "1"
                        },
                        "tainted": false
                    },
                    "deposed": [],
                    "provider": "provider.aws"
                },
                "aws_security_group.nexus_host_sg": {
                    "type": "aws_security_group",
                    "depends_on": [
                        "local.default_tags",
                        "module.vpc"
                    ],
                    "primary": {
                        "id": "sg-03af441c6b8abb36e",
                        "attributes": {
                            "arn": "arn:aws:ec2:us-east-2:650143975734:security-group/sg-03af441c6b8abb36e",
                            "description": "Allow connection for host",
                            "egress.#": "1",
                            "egress.482069346.cidr_blocks.#": "1",
                            "egress.482069346.cidr_blocks.0": "0.0.0.0/0",
                            "egress.482069346.description": "",
                            "egress.482069346.from_port": "0",
                            "egress.482069346.ipv6_cidr_blocks.#": "0",
                            "egress.482069346.prefix_list_ids.#": "0",
                            "egress.482069346.protocol": "-1",
                            "egress.482069346.security_groups.#": "0",
                            "egress.482069346.self": "false",
                            "egress.482069346.to_port": "0",
                            "id": "sg-03af441c6b8abb36e",
                            "ingress.#": "3",
                            "ingress.1734363866.cidr_blocks.#": "1",
                            "ingress.1734363866.cidr_blocks.0": "0.0.0.0/0",
                            "ingress.1734363866.description": "",
                            "ingress.1734363866.from_port": "8081",
                            "ingress.1734363866.ipv6_cidr_blocks.#": "0",
                            "ingress.1734363866.prefix_list_ids.#": "0",
                            "ingress.1734363866.protocol": "tcp",
                            "ingress.1734363866.security_groups.#": "0",
                            "ingress.1734363866.self": "false",
                            "ingress.1734363866.to_port": "8081",
                            "ingress.2514586566.cidr_blocks.#": "1",
                            "ingress.2514586566.cidr_blocks.0": "0.0.0.0/0",
                            "ingress.2514586566.description": "",
                            "ingress.2514586566.from_port": "8123",
                            "ingress.2514586566.ipv6_cidr_blocks.#": "0",
                            "ingress.2514586566.prefix_list_ids.#": "0",
                            "ingress.2514586566.protocol": "tcp",
                            "ingress.2514586566.security_groups.#": "0",
                            "ingress.2514586566.self": "false",
                            "ingress.2514586566.to_port": "8123",
                            "ingress.2541437006.cidr_blocks.#": "1",
                            "ingress.2541437006.cidr_blocks.0": "0.0.0.0/0",
                            "ingress.2541437006.description": "",
                            "ingress.2541437006.from_port": "22",
                            "ingress.2541437006.ipv6_cidr_blocks.#": "0",
                            "ingress.2541437006.prefix_list_ids.#": "0",
                            "ingress.2541437006.protocol": "tcp",
                            "ingress.2541437006.security_groups.#": "0",
                            "ingress.2541437006.self": "false",
                            "ingress.2541437006.to_port": "22",
                            "name": "nexus_host_sg",
                            "owner_id": "650143975734",
                            "revoke_rules_on_delete": "false",
                            "tags.%": "3",
                            "tags.Environment": "TrendMicro-Tejas--Default",
                            "tags.Name": "Nexus-PT-demo_tejas",
                            "tags.Terraform": "True",
                            "vpc_id": "vpc-0866a14724dfbe5b6"
                        },
                        "meta": {
                            "e2bfb730-ecaa-11e6-8f88-34363bc7c4c0": {
                                "create": 600000000000,
                                "delete": 600000000000
                            },
                            "schema_version": "1"
                        },
                        "tainted": false
                    },
                    "deposed": [],
                    "provider": "provider.aws"
                },
                "data.aws_availability_zones.available": {
                    "type": "aws_availability_zones",
                    "depends_on": [],
                    "primary": {
                        "id": "2019-03-18 09:30:54.4285809 +0000 UTC",
                        "attributes": {
                            "id": "2019-03-18 09:30:54.4285809 +0000 UTC",
                            "names.#": "3",
                            "names.0": "us-east-2a",
                            "names.1": "us-east-2b",
                            "names.2": "us-east-2c",
                            "state": "available",
                            "zone_ids.#": "3",
                            "zone_ids.0": "use2-az1",
                            "zone_ids.1": "use2-az2",
                            "zone_ids.2": "use2-az3"
                        },
                        "meta": {},
                        "tainted": false
                    },
                    "deposed": [],
                    "provider": "provider.aws"
                },
                "data.template_file.user_data": {
                    "type": "template_file",
                    "depends_on": [],
                    "primary": {
                        "id": "091b143beb4bed67b46f93b576530342809d0c843bee07c64dbedea83c998d13",
                        "attributes": {
                            "id": "091b143beb4bed67b46f93b576530342809d0c843bee07c64dbedea83c998d13",
                            "rendered": "#!/bin/bash\r\n\r\nservice docker start\r\n# cd \"$(/home/ubuntu \"$0\")\"\r\ncd /home/ubuntu\r\ndocker-compose up\r\necho \"docker-compose up\" \u003e\u003e /etc/rc.local\r\ndocker ps\r\n\r\ntouch /tmp/compose-completed\r\n\r\n# This script detects platform and architecture, then downloads and installs the matching Deep Security Agent package\r\n if [[ $(/usr/bin/id -u) -ne 0 ]]; then echo You are not running as the root user.  Please try again with root privileges.;\r\n    logger -t You are not running as the root user.  Please try again with root privileges.;\r\n    exit 1;\r\n fi;\r\n if type curl \u003e/dev/null 2\u003e\u00261; then\r\n  SOURCEURL='https://app.deepsecurity.trendmicro.com:443'\r\n  curl $SOURCEURL/software/deploymentscript/platform/linux/ -o /tmp/DownloadInstallAgentPackage --insecure --silent --tlsv1.2\r\n\r\n  if [ -s /tmp/DownloadInstallAgentPackage ]; then\r\n      . /tmp/DownloadInstallAgentPackage\r\n      Download_Install_Agent\r\n  else\r\n     echo \"Failed to download the agent installation script.\"\r\n     logger -t Failed to download the Deep Security Agent installation script\r\n     false\r\n  fi\r\n else\r\n  echo \"Please install CURL before running this script.\"\r\n  logger -t Please install CURL before running this script\r\n  false\r\n fi\r\nsleep 15\r\n/opt/ds_agent/dsa_control -r\r\n/opt/ds_agent/dsa_control -a dsm://agents.deepsecurity.trendmicro.com:443/ \"tenantID:0FA59FB6-961A-A931-C955-FA7258C3C898\" \"token:4FD7E8A2-9B90-83A2-2185-D5D1AC788747\" \"policyid:401\"",
                            "template": "#!/bin/bash\r\n\r\nservice docker start\r\n# cd \"$(/home/ubuntu \"$0\")\"\r\ncd /home/ubuntu\r\ndocker-compose up\r\necho \"docker-compose up\" \u003e\u003e /etc/rc.local\r\ndocker ps\r\n\r\ntouch /tmp/compose-completed\r\n\r\n# This script detects platform and architecture, then downloads and installs the matching Deep Security Agent package\r\n if [[ $(/usr/bin/id -u) -ne 0 ]]; then echo You are not running as the root user.  Please try again with root privileges.;\r\n    logger -t You are not running as the root user.  Please try again with root privileges.;\r\n    exit 1;\r\n fi;\r\n if type curl \u003e/dev/null 2\u003e\u00261; then\r\n  SOURCEURL='https://app.deepsecurity.trendmicro.com:443'\r\n  curl $SOURCEURL/software/deploymentscript/platform/linux/ -o /tmp/DownloadInstallAgentPackage --insecure --silent --tlsv1.2\r\n\r\n  if [ -s /tmp/DownloadInstallAgentPackage ]; then\r\n      . /tmp/DownloadInstallAgentPackage\r\n      Download_Install_Agent\r\n  else\r\n     echo \"Failed to download the agent installation script.\"\r\n     logger -t Failed to download the Deep Security Agent installation script\r\n     false\r\n  fi\r\n else\r\n  echo \"Please install CURL before running this script.\"\r\n  logger -t Please install CURL before running this script\r\n  false\r\n fi\r\nsleep 15\r\n/opt/ds_agent/dsa_control -r\r\n/opt/ds_agent/dsa_control -a dsm://agents.deepsecurity.trendmicro.com:443/ \"tenantID:0FA59FB6-961A-A931-C955-FA7258C3C898\" \"token:4FD7E8A2-9B90-83A2-2185-D5D1AC788747\" \"policyid:401\""
                        },
                        "meta": {},
                        "tainted": false
                    },
                    "deposed": [],
                    "provider": "provider.template"
                }
            },
            "depends_on": []
        },
        {
            "path": [
                "root",
                "mgmt_subnets"
            ],
            "outputs": {
                "cidr_blocks": {
                    "sensitive": false,
                    "type": "list",
                    "value": [
                        "10.132.0.192/26",
                        "10.132.1.192/26",
                        "10.132.2.192/26"
                    ]
                },
                "route_table_ids": {
                    "sensitive": false,
                    "type": "list",
                    "value": [
                        "rtb-0c64f081daa511d75"
                    ]
                },
                "subnets": {
                    "sensitive": false,
                    "type": "list",
                    "value": [
                        "subnet-0dd6e16c2d6add2ce",
                        "subnet-0461dcdb196b191ed",
                        "subnet-07365ddd7a008358f"
                    ]
                }
            },
            "resources": {
                "aws_route_table_association.this.0": {
                    "type": "aws_route_table_association",
                    "depends_on": [
                        "aws_subnet.this.*"
                    ],
                    "primary": {
                        "id": "rtbassoc-0dcf5c804334d7eef",
                        "attributes": {
                            "id": "rtbassoc-0dcf5c804334d7eef",
                            "route_table_id": "rtb-0c64f081daa511d75",
                            "subnet_id": "subnet-0dd6e16c2d6add2ce"
                        },
                        "meta": {},
                        "tainted": false
                    },
                    "deposed": [],
                    "provider": "provider.aws"
                },
                "aws_route_table_association.this.1": {
                    "type": "aws_route_table_association",
                    "depends_on": [
                        "aws_subnet.this.*"
                    ],
                    "primary": {
                        "id": "rtbassoc-03f9194bdd2c919b9",
                        "attributes": {
                            "id": "rtbassoc-03f9194bdd2c919b9",
                            "route_table_id": "rtb-0c64f081daa511d75",
                            "subnet_id": "subnet-0461dcdb196b191ed"
                        },
                        "meta": {},
                        "tainted": false
                    },
                    "deposed": [],
                    "provider": "provider.aws"
                },
                "aws_route_table_association.this.2": {
                    "type": "aws_route_table_association",
                    "depends_on": [
                        "aws_subnet.this.*"
                    ],
                    "primary": {
                        "id": "rtbassoc-02423307cf117609a",
                        "attributes": {
                            "id": "rtbassoc-02423307cf117609a",
                            "route_table_id": "rtb-0c64f081daa511d75",
                            "subnet_id": "subnet-07365ddd7a008358f"
                        },
                        "meta": {},
                        "tainted": false
                    },
                    "deposed": [],
                    "provider": "provider.aws"
                },
                "aws_subnet.this.0": {
                    "type": "aws_subnet",
                    "depends_on": [],
                    "primary": {
                        "id": "subnet-0dd6e16c2d6add2ce",
                        "attributes": {
                            "arn": "arn:aws:ec2:us-east-2:650143975734:subnet/subnet-0dd6e16c2d6add2ce",
                            "assign_ipv6_address_on_creation": "false",
                            "availability_zone": "us-east-2a",
                            "availability_zone_id": "use2-az1",
                            "cidr_block": "10.132.0.192/26",
                            "id": "subnet-0dd6e16c2d6add2ce",
                            "ipv6_cidr_block": "",
                            "ipv6_cidr_block_association_id": "",
                            "map_public_ip_on_launch": "false",
                            "owner_id": "650143975734",
                            "tags.%": "3",
                            "tags.Environment": "TrendMicro-Tejas--Default",
                            "tags.Name": "mgmt-private-us-east-2a",
                            "tags.Terraform": "True",
                            "vpc_id": "vpc-0866a14724dfbe5b6"
                        },
                        "meta": {
                            "e2bfb730-ecaa-11e6-8f88-34363bc7c4c0": {
                                "create": 600000000000,
                                "delete": 600000000000
                            },
                            "schema_version": "1"
                        },
                        "tainted": false
                    },
                    "deposed": [],
                    "provider": "provider.aws"
                },
                "aws_subnet.this.1": {
                    "type": "aws_subnet",
                    "depends_on": [],
                    "primary": {
                        "id": "subnet-0461dcdb196b191ed",
                        "attributes": {
                            "arn": "arn:aws:ec2:us-east-2:650143975734:subnet/subnet-0461dcdb196b191ed",
                            "assign_ipv6_address_on_creation": "false",
                            "availability_zone": "us-east-2b",
                            "availability_zone_id": "use2-az2",
                            "cidr_block": "10.132.1.192/26",
                            "id": "subnet-0461dcdb196b191ed",
                            "ipv6_cidr_block": "",
                            "ipv6_cidr_block_association_id": "",
                            "map_public_ip_on_launch": "false",
                            "owner_id": "650143975734",
                            "tags.%": "3",
                            "tags.Environment": "TrendMicro-Tejas--Default",
                            "tags.Name": "mgmt-private-us-east-2b",
                            "tags.Terraform": "True",
                            "vpc_id": "vpc-0866a14724dfbe5b6"
                        },
                        "meta": {
                            "e2bfb730-ecaa-11e6-8f88-34363bc7c4c0": {
                                "create": 600000000000,
                                "delete": 600000000000
                            },
                            "schema_version": "1"
                        },
                        "tainted": false
                    },
                    "deposed": [],
                    "provider": "provider.aws"
                },
                "aws_subnet.this.2": {
                    "type": "aws_subnet",
                    "depends_on": [],
                    "primary": {
                        "id": "subnet-07365ddd7a008358f",
                        "attributes": {
                            "arn": "arn:aws:ec2:us-east-2:650143975734:subnet/subnet-07365ddd7a008358f",
                            "assign_ipv6_address_on_creation": "false",
                            "availability_zone": "us-east-2c",
                            "availability_zone_id": "use2-az3",
                            "cidr_block": "10.132.2.192/26",
                            "id": "subnet-07365ddd7a008358f",
                            "ipv6_cidr_block": "",
                            "ipv6_cidr_block_association_id": "",
                            "map_public_ip_on_launch": "false",
                            "owner_id": "650143975734",
                            "tags.%": "3",
                            "tags.Environment": "TrendMicro-Tejas--Default",
                            "tags.Name": "mgmt-private-us-east-2c",
                            "tags.Terraform": "True",
                            "vpc_id": "vpc-0866a14724dfbe5b6"
                        },
                        "meta": {
                            "e2bfb730-ecaa-11e6-8f88-34363bc7c4c0": {
                                "create": 600000000000,
                                "delete": 600000000000
                            },
                            "schema_version": "1"
                        },
                        "tainted": false
                    },
                    "deposed": [],
                    "provider": "provider.aws"
                }
            },
            "depends_on": []
        },
        {
            "path": [
                "root",
                "vpc"
            ],
            "outputs": {
                "azs": {
                    "sensitive": false,
                    "type": "list",
                    "value": [
                        "us-east-2a",
                        "us-east-2b",
                        "us-east-2c"
                    ]
                },
                "database_route_table_ids": {
                    "sensitive": false,
                    "type": "list",
                    "value": []
                },
                "database_subnet_group": {
                    "sensitive": false,
                    "type": "string",
                    "value": ""
                },
                "database_subnets": {
                    "sensitive": false,
                    "type": "list",
                    "value": []
                },
                "database_subnets_cidr_blocks": {
                    "sensitive": false,
                    "type": "list",
                    "value": []
                },
                "default_network_acl_id": {
                    "sensitive": false,
                    "type": "string",
                    "value": "acl-0e36fff41cc10336c"
                },
                "default_route_table_id": {
                    "sensitive": false,
                    "type": "string",
                    "value": "rtb-0823cc6713d89b3a1"
                },
                "default_security_group_id": {
                    "sensitive": false,
                    "type": "string",
                    "value": "sg-0154d308348d218b7"
                },
                "default_vpc_cidr_block": {
                    "sensitive": false,
                    "type": "string",
                    "value": ""
                },
                "default_vpc_default_network_acl_id": {
                    "sensitive": false,
                    "type": "string",
                    "value": ""
                },
                "default_vpc_default_route_table_id": {
                    "sensitive": false,
                    "type": "string",
                    "value": ""
                },
                "default_vpc_default_security_group_id": {
                    "sensitive": false,
                    "type": "string",
                    "value": ""
                },
                "default_vpc_enable_dns_hostnames": {
                    "sensitive": false,
                    "type": "string",
                    "value": ""
                },
                "default_vpc_enable_dns_support": {
                    "sensitive": false,
                    "type": "string",
                    "value": ""
                },
                "default_vpc_id": {
                    "sensitive": false,
                    "type": "string",
                    "value": ""
                },
                "default_vpc_instance_tenancy": {
                    "sensitive": false,
                    "type": "string",
                    "value": ""
                },
                "default_vpc_main_route_table_id": {
                    "sensitive": false,
                    "type": "string",
                    "value": ""
                },
                "elasticache_route_table_ids": {
                    "sensitive": false,
                    "type": "list",
                    "value": []
                },
                "elasticache_subnet_group": {
                    "sensitive": false,
                    "type": "string",
                    "value": ""
                },
                "elasticache_subnet_group_name": {
                    "sensitive": false,
                    "type": "string",
                    "value": ""
                },
                "elasticache_subnets": {
                    "sensitive": false,
                    "type": "list",
                    "value": []
                },
                "elasticache_subnets_cidr_blocks": {
                    "sensitive": false,
                    "type": "list",
                    "value": []
                },
                "igw_id": {
                    "sensitive": false,
                    "type": "string",
                    "value": "igw-08365a0d49162700f"
                },
                "intra_route_table_ids": {
                    "sensitive": false,
                    "type": "list",
                    "value": []
                },
                "intra_subnets": {
                    "sensitive": false,
                    "type": "list",
                    "value": []
                },
                "intra_subnets_cidr_blocks": {
                    "sensitive": false,
                    "type": "list",
                    "value": []
                },
                "nat_ids": {
                    "sensitive": false,
                    "type": "list",
                    "value": []
                },
                "nat_public_ips": {
                    "sensitive": false,
                    "type": "list",
                    "value": []
                },
                "natgw_ids": {
                    "sensitive": false,
                    "type": "list",
                    "value": []
                },
                "private_route_table_ids": {
                    "sensitive": false,
                    "type": "list",
                    "value": []
                },
                "private_subnets": {
                    "sensitive": false,
                    "type": "list",
                    "value": []
                },
                "private_subnets_cidr_blocks": {
                    "sensitive": false,
                    "type": "list",
                    "value": []
                },
                "public_route_table_ids": {
                    "sensitive": false,
                    "type": "list",
                    "value": [
                        "rtb-0c64f081daa511d75"
                    ]
                },
                "public_subnets": {
                    "sensitive": false,
                    "type": "list",
                    "value": [
                        "subnet-0644d49bd99851c2e",
                        "subnet-0cd5df59d0a445af5",
                        "subnet-056b848e9ae57dbc2"
                    ]
                },
                "public_subnets_cidr_blocks": {
                    "sensitive": false,
                    "type": "list",
                    "value": [
                        "10.132.0.0/26",
                        "10.132.1.0/26",
                        "10.132.2.0/26"
                    ]
                },
                "redshift_route_table_ids": {
                    "sensitive": false,
                    "type": "list",
                    "value": []
                },
                "redshift_subnet_group": {
                    "sensitive": false,
                    "type": "string",
                    "value": ""
                },
                "redshift_subnets": {
                    "sensitive": false,
                    "type": "list",
                    "value": []
                },
                "redshift_subnets_cidr_blocks": {
                    "sensitive": false,
                    "type": "list",
                    "value": []
                },
                "vgw_id": {
                    "sensitive": false,
                    "type": "string",
                    "value": ""
                },
                "vpc_cidr_block": {
                    "sensitive": false,
                    "type": "string",
                    "value": "10.132.0.0/16"
                },
                "vpc_enable_dns_hostnames": {
                    "sensitive": false,
                    "type": "string",
                    "value": "true"
                },
                "vpc_enable_dns_support": {
                    "sensitive": false,
                    "type": "string",
                    "value": "true"
                },
                "vpc_endpoint_dynamodb_id": {
                    "sensitive": false,
                    "type": "string",
                    "value": ""
                },
                "vpc_endpoint_dynamodb_pl_id": {
                    "sensitive": false,
                    "type": "string",
                    "value": ""
                },
                "vpc_endpoint_ec2_dns_entry": {
                    "sensitive": false,
                    "type": "list",
                    "value": []
                },
                "vpc_endpoint_ec2_id": {
                    "sensitive": false,
                    "type": "string",
                    "value": ""
                },
                "vpc_endpoint_ec2_network_interface_ids": {
                    "sensitive": false,
                    "type": "list",
                    "value": []
                },
                "vpc_endpoint_ec2messages_dns_entry": {
                    "sensitive": false,
                    "type": "list",
                    "value": []
                },
                "vpc_endpoint_ec2messages_id": {
                    "sensitive": false,
                    "type": "string",
                    "value": ""
                },
                "vpc_endpoint_ec2messages_network_interface_ids": {
                    "sensitive": false,
                    "type": "list",
                    "value": []
                },
                "vpc_endpoint_s3_id": {
                    "sensitive": false,
                    "type": "string",
                    "value": "vpce-08387406d4698e660"
                },
                "vpc_endpoint_s3_pl_id": {
                    "sensitive": false,
                    "type": "string",
                    "value": "pl-7ba54012"
                },
                "vpc_endpoint_ssm_dns_entry": {
                    "sensitive": false,
                    "type": "list",
                    "value": []
                },
                "vpc_endpoint_ssm_id": {
                    "sensitive": false,
                    "type": "string",
                    "value": ""
                },
                "vpc_endpoint_ssm_network_interface_ids": {
                    "sensitive": false,
                    "type": "list",
                    "value": []
                },
                "vpc_endpoint_ssmmessages_dns_entry": {
                    "sensitive": false,
                    "type": "list",
                    "value": []
                },
                "vpc_endpoint_ssmmessages_id": {
                    "sensitive": false,
                    "type": "string",
                    "value": ""
                },
                "vpc_endpoint_ssmmessages_network_interface_ids": {
                    "sensitive": false,
                    "type": "list",
                    "value": []
                },
                "vpc_id": {
                    "sensitive": false,
                    "type": "string",
                    "value": "vpc-0866a14724dfbe5b6"
                },
                "vpc_instance_tenancy": {
                    "sensitive": false,
                    "type": "string",
                    "value": "default"
                },
                "vpc_main_route_table_id": {
                    "sensitive": false,
                    "type": "string",
                    "value": "rtb-0823cc6713d89b3a1"
                },
                "vpc_secondary_cidr_blocks": {
                    "sensitive": false,
                    "type": "list",
                    "value": []
                }
            },
            "resources": {
                "aws_internet_gateway.this": {
                    "type": "aws_internet_gateway",
                    "depends_on": [
                        "local.vpc_id"
                    ],
                    "primary": {
                        "id": "igw-08365a0d49162700f",
                        "attributes": {
                            "id": "igw-08365a0d49162700f",
                            "owner_id": "650143975734",
                            "tags.%": "3",
                            "tags.Environment": "TrendMicro-Tejas--Default",
                            "tags.Name": "DevSecOps-Tejas-Default",
                            "tags.Terraform": "True",
                            "vpc_id": "vpc-0866a14724dfbe5b6"
                        },
                        "meta": {},
                        "tainted": false
                    },
                    "deposed": [],
                    "provider": "provider.aws"
                },
                "aws_route.public_internet_gateway": {
                    "type": "aws_route",
                    "depends_on": [
                        "aws_internet_gateway.this",
                        "aws_route_table.public"
                    ],
                    "primary": {
                        "id": "r-rtb-0c64f081daa511d751080289494",
                        "attributes": {
                            "destination_cidr_block": "0.0.0.0/0",
                            "destination_prefix_list_id": "",
                            "egress_only_gateway_id": "",
                            "gateway_id": "igw-08365a0d49162700f",
                            "id": "r-rtb-0c64f081daa511d751080289494",
                            "instance_id": "",
                            "instance_owner_id": "",
                            "nat_gateway_id": "",
                            "network_interface_id": "",
                            "origin": "CreateRoute",
                            "route_table_id": "rtb-0c64f081daa511d75",
                            "state": "active",
                            "transit_gateway_id": "",
                            "vpc_peering_connection_id": ""
                        },
                        "meta": {
                            "e2bfb730-ecaa-11e6-8f88-34363bc7c4c0": {
                                "create": 300000000000,
                                "delete": 300000000000
                            }
                        },
                        "tainted": false
                    },
                    "deposed": [],
                    "provider": "provider.aws"
                },
                "aws_route_table.public": {
                    "type": "aws_route_table",
                    "depends_on": [
                        "local.vpc_id"
                    ],
                    "primary": {
                        "id": "rtb-0c64f081daa511d75",
                        "attributes": {
                            "id": "rtb-0c64f081daa511d75",
                            "owner_id": "650143975734",
                            "propagating_vgws.#": "0",
                            "route.#": "1",
                            "route.2777607620.cidr_block": "0.0.0.0/0",
                            "route.2777607620.egress_only_gateway_id": "",
                            "route.2777607620.gateway_id": "igw-08365a0d49162700f",
                            "route.2777607620.instance_id": "",
                            "route.2777607620.ipv6_cidr_block": "",
                            "route.2777607620.nat_gateway_id": "",
                            "route.2777607620.network_interface_id": "",
                            "route.2777607620.transit_gateway_id": "",
                            "route.2777607620.vpc_peering_connection_id": "",
                            "tags.%": "3",
                            "tags.Environment": "TrendMicro-Tejas--Default",
                            "tags.Name": "DevSecOps-Tejas-Default-public",
                            "tags.Terraform": "True",
                            "vpc_id": "vpc-0866a14724dfbe5b6"
                        },
                        "meta": {},
                        "tainted": false
                    },
                    "deposed": [],
                    "provider": "provider.aws"
                },
                "aws_route_table_association.public.0": {
                    "type": "aws_route_table_association",
                    "depends_on": [
                        "aws_route_table.public",
                        "aws_subnet.public.*"
                    ],
                    "primary": {
                        "id": "rtbassoc-01d8f80d93aae2ffa",
                        "attributes": {
                            "id": "rtbassoc-01d8f80d93aae2ffa",
                            "route_table_id": "rtb-0c64f081daa511d75",
                            "subnet_id": "subnet-0644d49bd99851c2e"
                        },
                        "meta": {},
                        "tainted": false
                    },
                    "deposed": [],
                    "provider": "provider.aws"
                },
                "aws_route_table_association.public.1": {
                    "type": "aws_route_table_association",
                    "depends_on": [
                        "aws_route_table.public",
                        "aws_subnet.public.*"
                    ],
                    "primary": {
                        "id": "rtbassoc-027f72c321716ef0e",
                        "attributes": {
                            "id": "rtbassoc-027f72c321716ef0e",
                            "route_table_id": "rtb-0c64f081daa511d75",
                            "subnet_id": "subnet-0cd5df59d0a445af5"
                        },
                        "meta": {},
                        "tainted": false
                    },
                    "deposed": [],
                    "provider": "provider.aws"
                },
                "aws_route_table_association.public.2": {
                    "type": "aws_route_table_association",
                    "depends_on": [
                        "aws_route_table.public",
                        "aws_subnet.public.*"
                    ],
                    "primary": {
                        "id": "rtbassoc-019916af5bd660449",
                        "attributes": {
                            "id": "rtbassoc-019916af5bd660449",
                            "route_table_id": "rtb-0c64f081daa511d75",
                            "subnet_id": "subnet-056b848e9ae57dbc2"
                        },
                        "meta": {},
                        "tainted": false
                    },
                    "deposed": [],
                    "provider": "provider.aws"
                },
                "aws_subnet.public.0": {
                    "type": "aws_subnet",
                    "depends_on": [
                        "local.vpc_id"
                    ],
                    "primary": {
                        "id": "subnet-0644d49bd99851c2e",
                        "attributes": {
                            "arn": "arn:aws:ec2:us-east-2:650143975734:subnet/subnet-0644d49bd99851c2e",
                            "assign_ipv6_address_on_creation": "false",
                            "availability_zone": "us-east-2a",
                            "availability_zone_id": "use2-az1",
                            "cidr_block": "10.132.0.0/26",
                            "id": "subnet-0644d49bd99851c2e",
                            "ipv6_cidr_block": "",
                            "ipv6_cidr_block_association_id": "",
                            "map_public_ip_on_launch": "false",
                            "owner_id": "650143975734",
                            "tags.%": "3",
                            "tags.Environment": "TrendMicro-Tejas--Default",
                            "tags.Name": "DevSecOps-Tejas-Default-public-us-east-2a",
                            "tags.Terraform": "True",
                            "vpc_id": "vpc-0866a14724dfbe5b6"
                        },
                        "meta": {
                            "e2bfb730-ecaa-11e6-8f88-34363bc7c4c0": {
                                "create": 600000000000,
                                "delete": 600000000000
                            },
                            "schema_version": "1"
                        },
                        "tainted": false
                    },
                    "deposed": [],
                    "provider": "provider.aws"
                },
                "aws_subnet.public.1": {
                    "type": "aws_subnet",
                    "depends_on": [
                        "local.vpc_id"
                    ],
                    "primary": {
                        "id": "subnet-0cd5df59d0a445af5",
                        "attributes": {
                            "arn": "arn:aws:ec2:us-east-2:650143975734:subnet/subnet-0cd5df59d0a445af5",
                            "assign_ipv6_address_on_creation": "false",
                            "availability_zone": "us-east-2b",
                            "availability_zone_id": "use2-az2",
                            "cidr_block": "10.132.1.0/26",
                            "id": "subnet-0cd5df59d0a445af5",
                            "ipv6_cidr_block": "",
                            "ipv6_cidr_block_association_id": "",
                            "map_public_ip_on_launch": "false",
                            "owner_id": "650143975734",
                            "tags.%": "3",
                            "tags.Environment": "TrendMicro-Tejas--Default",
                            "tags.Name": "DevSecOps-Tejas-Default-public-us-east-2b",
                            "tags.Terraform": "True",
                            "vpc_id": "vpc-0866a14724dfbe5b6"
                        },
                        "meta": {
                            "e2bfb730-ecaa-11e6-8f88-34363bc7c4c0": {
                                "create": 600000000000,
                                "delete": 600000000000
                            },
                            "schema_version": "1"
                        },
                        "tainted": false
                    },
                    "deposed": [],
                    "provider": "provider.aws"
                },
                "aws_subnet.public.2": {
                    "type": "aws_subnet",
                    "depends_on": [
                        "local.vpc_id"
                    ],
                    "primary": {
                        "id": "subnet-056b848e9ae57dbc2",
                        "attributes": {
                            "arn": "arn:aws:ec2:us-east-2:650143975734:subnet/subnet-056b848e9ae57dbc2",
                            "assign_ipv6_address_on_creation": "false",
                            "availability_zone": "us-east-2c",
                            "availability_zone_id": "use2-az3",
                            "cidr_block": "10.132.2.0/26",
                            "id": "subnet-056b848e9ae57dbc2",
                            "ipv6_cidr_block": "",
                            "ipv6_cidr_block_association_id": "",
                            "map_public_ip_on_launch": "false",
                            "owner_id": "650143975734",
                            "tags.%": "3",
                            "tags.Environment": "TrendMicro-Tejas--Default",
                            "tags.Name": "DevSecOps-Tejas-Default-public-us-east-2c",
                            "tags.Terraform": "True",
                            "vpc_id": "vpc-0866a14724dfbe5b6"
                        },
                        "meta": {
                            "e2bfb730-ecaa-11e6-8f88-34363bc7c4c0": {
                                "create": 600000000000,
                                "delete": 600000000000
                            },
                            "schema_version": "1"
                        },
                        "tainted": false
                    },
                    "deposed": [],
                    "provider": "provider.aws"
                },
                "aws_vpc.this": {
                    "type": "aws_vpc",
                    "depends_on": [],
                    "primary": {
                        "id": "vpc-0866a14724dfbe5b6",
                        "attributes": {
                            "arn": "arn:aws:ec2:us-east-2:650143975734:vpc/vpc-0866a14724dfbe5b6",
                            "assign_generated_ipv6_cidr_block": "false",
                            "cidr_block": "10.132.0.0/16",
                            "default_network_acl_id": "acl-0e36fff41cc10336c",
                            "default_route_table_id": "rtb-0823cc6713d89b3a1",
                            "default_security_group_id": "sg-0154d308348d218b7",
                            "dhcp_options_id": "dopt-8b32dee2",
                            "enable_dns_hostnames": "true",
                            "enable_dns_support": "true",
                            "id": "vpc-0866a14724dfbe5b6",
                            "instance_tenancy": "default",
                            "ipv6_association_id": "",
                            "ipv6_cidr_block": "",
                            "main_route_table_id": "rtb-0823cc6713d89b3a1",
                            "owner_id": "650143975734",
                            "tags.%": "3",
                            "tags.Environment": "TrendMicro-Tejas--Default",
                            "tags.Name": "DevSecOps-Tejas-Default",
                            "tags.Terraform": "True"
                        },
                        "meta": {
                            "schema_version": "1"
                        },
                        "tainted": false
                    },
                    "deposed": [],
                    "provider": "provider.aws"
                },
                "aws_vpc_endpoint.s3": {
                    "type": "aws_vpc_endpoint",
                    "depends_on": [
                        "data.aws_vpc_endpoint_service.s3",
                        "local.vpc_id"
                    ],
                    "primary": {
                        "id": "vpce-08387406d4698e660",
                        "attributes": {
                            "cidr_blocks.#": "3",
                            "cidr_blocks.0": "52.219.80.0/20",
                            "cidr_blocks.1": "52.219.96.0/20",
                            "cidr_blocks.2": "52.92.76.0/22",
                            "dns_entry.#": "0",
                            "id": "vpce-08387406d4698e660",
                            "network_interface_ids.#": "0",
                            "policy": "{\"Statement\":[{\"Action\":\"*\",\"Effect\":\"Allow\",\"Principal\":\"*\",\"Resource\":\"*\"}],\"Version\":\"2008-10-17\"}",
                            "prefix_list_id": "pl-7ba54012",
                            "private_dns_enabled": "false",
                            "route_table_ids.#": "1",
                            "route_table_ids.1577587001": "rtb-0c64f081daa511d75",
                            "security_group_ids.#": "0",
                            "service_name": "com.amazonaws.us-east-2.s3",
                            "state": "available",
                            "subnet_ids.#": "0",
                            "vpc_endpoint_type": "Gateway",
                            "vpc_id": "vpc-0866a14724dfbe5b6"
                        },
                        "meta": {
                            "e2bfb730-ecaa-11e6-8f88-34363bc7c4c0": {
                                "create": 600000000000,
                                "delete": 600000000000,
                                "update": 600000000000
                            }
                        },
                        "tainted": false
                    },
                    "deposed": [],
                    "provider": "provider.aws"
                },
                "aws_vpc_endpoint_route_table_association.public_s3": {
                    "type": "aws_vpc_endpoint_route_table_association",
                    "depends_on": [
                        "aws_route_table.public",
                        "aws_vpc_endpoint.s3"
                    ],
                    "primary": {
                        "id": "a-vpce-08387406d4698e6601577587001",
                        "attributes": {
                            "id": "a-vpce-08387406d4698e6601577587001",
                            "route_table_id": "rtb-0c64f081daa511d75",
                            "vpc_endpoint_id": "vpce-08387406d4698e660"
                        },
                        "meta": {},
                        "tainted": false
                    },
                    "deposed": [],
                    "provider": "provider.aws"
                },
                "data.aws_vpc_endpoint_service.s3": {
                    "type": "aws_vpc_endpoint_service",
                    "depends_on": [],
                    "primary": {
                        "id": "421398876",
                        "attributes": {
                            "acceptance_required": "false",
                            "availability_zones.#": "3",
                            "availability_zones.1726430690": "us-east-2b",
                            "availability_zones.299896180": "us-east-2c",
                            "availability_zones.4293815384": "us-east-2a",
                            "base_endpoint_dns_names.#": "1",
                            "base_endpoint_dns_names.1885651474": "s3.us-east-2.amazonaws.com",
                            "id": "421398876",
                            "owner": "amazon",
                            "private_dns_name": "",
                            "service": "s3",
                            "service_name": "com.amazonaws.us-east-2.s3",
                            "service_type": "Gateway",
                            "vpc_endpoint_policy_supported": "true"
                        },
                        "meta": {},
                        "tainted": false
                    },
                    "deposed": [],
                    "provider": "provider.aws"
                }
            },
            "depends_on": []
        }
    ]
}
